// !$*UTF8*$!
{
	archiveVersion = 1;
	classes = {
	};
	objectVersion = 46;
	objects = {

/* Begin PBXBuildFile section */
		6C1F45801BC664EB006E548B /* main.m in Sources */ = {isa = PBXBuildFile; fileRef = 6C1F457F1BC664EB006E548B /* main.m */; };
		6C1F45831BC664EB006E548B /* AppDelegate.m in Sources */ = {isa = PBXBuildFile; fileRef = 6C1F45821BC664EB006E548B /* AppDelegate.m */; };
		6C1F45861BC664EB006E548B /* ViewController.m in Sources */ = {isa = PBXBuildFile; fileRef = 6C1F45851BC664EB006E548B /* ViewController.m */; };
		6C1F45891BC664EB006E548B /* Main.storyboard in Resources */ = {isa = PBXBuildFile; fileRef = 6C1F45871BC664EB006E548B /* Main.storyboard */; };
		6C1F458B1BC664EB006E548B /* Assets.xcassets in Resources */ = {isa = PBXBuildFile; fileRef = 6C1F458A1BC664EB006E548B /* Assets.xcassets */; };
		6C1F458E1BC664EB006E548B /* LaunchScreen.storyboard in Resources */ = {isa = PBXBuildFile; fileRef = 6C1F458C1BC664EB006E548B /* LaunchScreen.storyboard */; };
/* End PBXBuildFile section */

/* Begin PBXFileReference section */
		6C1F457B1BC664EB006E548B /* YaTranslate.app */ = {isa = PBXFileReference; explicitFileType = wrapper.application; includeInIndex = 0; path = YaTranslate.app; sourceTree = BUILT_PRODUCTS_DIR; };
		6C1F457F1BC664EB006E548B /* main.m */ = {isa = PBXFileReference; lastKnownFileType = sourcecode.c.objc; path = main.m; sourceTree = "<group>"; };
		6C1F45811BC664EB006E548B /* AppDelegate.h */ = {isa = PBXFileReference; lastKnownFileType = sourcecode.c.h; path = AppDelegate.h; sourceTree = "<group>"; };
		6C1F45821BC664EB006E548B /* AppDelegate.m */ = {isa = PBXFileReference; lastKnownFileType = sourcecode.c.objc; path = AppDelegate.m; sourceTree = "<group>"; };
		6C1F45841BC664EB006E548B /* ViewController.h */ = {isa = PBXFileReference; lastKnownFileType = sourcecode.c.h; path = ViewController.h; sourceTree = "<group>"; };
		6C1F45851BC664EB006E548B /* ViewController.m */ = {isa = PBXFileReference; lastKnownFileType = sourcecode.c.objc; path = ViewController.m; sourceTree = "<group>"; };
		6C1F45881BC664EB006E548B /* Base */ = {isa = PBXFileReference; lastKnownFileType = file.storyboard; name = Base; path = Base.lproj/Main.storyboard; sourceTree = "<group>"; };
		6C1F458A1BC664EB006E548B /* Assets.xcassets */ = {isa = PBXFileReference; lastKnownFileType = folder.assetcatalog; path = Assets.xcassets; sourceTree = "<group>"; };
		6C1F458D1BC664EB006E548B /* Base */ = {isa = PBXFileReference; lastKnownFileType = file.storyboard; name = Base; path = Base.lproj/LaunchScreen.storyboard; sourceTree = "<group>"; };
		6C1F458F1BC664EB006E548B /* Info.plist */ = {isa = PBXFileReference; lastKnownFileType = text.plist.xml; path = Info.plist; sourceTree = "<group>"; };
/* End PBXFileReference section */

/* Begin PBXFrameworksBuildPhase section */
		6C1F45781BC664EB006E548B /* Frameworks */ = {
			isa = PBXFrameworksBuildPhase;
			buildActionMask = 2147483647;
			files = (
			);
			runOnlyForDeploymentPostprocessing = 0;
		};
/* End PBXFrameworksBuildPhase section */

/* Begin PBXGroup section */
		6C1F45721BC664EB006E548B = {
			isa = PBXGroup;
			children = (
				6C1F457D1BC664EB006E548B /* YaTranslate */,
				6C1F457C1BC664EB006E548B /* Products */,
			);
			sourceTree = "<group>";
		};
		6C1F457C1BC664EB006E548B /* Products */ = {
			isa = PBXGroup;
			children = (
				6C1F457B1BC664EB006E548B /* YaTranslate.app */,
			);
			name = Products;
			sourceTree = "<group>";
		};
		6C1F457D1BC664EB006E548B /* YaTranslate */ = {
			isa = PBXGroup;
			children = (
				6C1F45811BC664EB006E548B /* AppDelegate.h */,
				6C1F45821BC664EB006E548B /* AppDelegate.m */,
				6C1F45841BC664EB006E548B /* ViewController.h */,
				6C1F45851BC664EB006E548B /* ViewController.m */,
				6C1F45871BC664EB006E548B /* Main.storyboard */,
				6C1F458A1BC664EB006E548B /* Assets.xcassets */,
				6C1F458C1BC664EB006E548B /* LaunchScreen.storyboard */,
				6C1F458F1BC664EB006E548B /* Info.plist */,
				6C1F457E1BC664EB006E548B /* Supporting Files */,
			);
			path = YaTranslate;
			sourceTree = "<group>";
		};
		6C1F457E1BC664EB006E548B /* Supporting Files */ = {
			isa = PBXGroup;
			children = (
				6C1F457F1BC664EB006E548B /* main.m */,
			);
			name = "Supporting Files";
			sourceTree = "<group>";
		};
/* End PBXGroup section */

/* Begin PBXNativeTarget section */
		6C1F457A1BC664EB006E548B /* YaTranslate */ = {
			isa = PBXNativeTarget;
			buildConfigurationList = 6C1F45921BC664EB006E548B /* Build configuration list for PBXNativeTarget "YaTranslate" */;
			buildPhases = (
				6C1F45771BC664EB006E548B /* Sources */,
				6C1F45781BC664EB006E548B /* Frameworks */,
				6C1F45791BC664EB006E548B /* Resources */,
			);
			buildRules = (
			);
			dependencies = (
			);
			name = YaTranslate;
			productName = YaTranslate;
			productReference = 6C1F457B1BC664EB006E548B /* YaTranslate.app */;
			productType = "com.apple.product-type.application";
		};
/* End PBXNativeTarget section */

/* Begin PBXProject section */
		6C1F45731BC664EB006E548B /* Project object */ = {
			isa = PBXProject;
			attributes = {
				LastUpgradeCheck = 0700;
				ORGANIZATIONNAME = "Nikita Makarov";
				TargetAttributes = {
					6C1F457A1BC664EB006E548B = {
						CreatedOnToolsVersion = 7.0.1;
						DevelopmentTeam = 898JLBNU25;
					};
				};
			};
			buildConfigurationList = 6C1F45761BC664EB006E548B /* Build configuration list for PBXProject "YaTranslate" */;
			compatibilityVersion = "Xcode 3.2";
			developmentRegion = English;
			hasScannedForEncodings = 0;
			knownRegions = (
				en,
				Base,
			);
			mainGroup = 6C1F45721BC664EB006E548B;
			productRefGroup = 6C1F457C1BC664EB006E548B /* Products */;
			projectDirPath = "";
			projectRoot = "";
			targets = (
				6C1F457A1BC664EB006E548B /* YaTranslate */,
			);
		};
/* End PBXProject section */

/* Begin PBXResourcesBuildPhase section */
		6C1F45791BC664EB006E548B /* Resources */ = {
			isa = PBXResourcesBuildPhase;
			buildActionMask = 2147483647;
			files = (
				6C1F458E1BC664EB006E548B /* LaunchScreen.storyboard in Resources */,
				6C1F458B1BC664EB006E548B /* Assets.xcassets in Resources */,
				6C1F45891BC664EB006E548B /* Main.storyboard in Resources */,
			);
			runOnlyForDeploymentPostprocessing = 0;
		};
/* End PBXResourcesBuildPhase section */

/* Begin PBXSourcesBuildPhase section */
		6C1F45771BC664EB006E548B /* Sources */ = {
			isa = PBXSourcesBuildPhase;
			buildActionMask = 2147483647;
			files = (
				6C1F45861BC664EB006E548B /* ViewController.m in Sources */,
				6C1F45831BC664EB006E548B /* AppDelegate.m in Sources */,
				6C1F45801BC664EB006E548B /* main.m in Sources */,
			);
			runOnlyForDeploymentPostprocessing = 0;
		};
/* End PBXSourcesBuildPhase section */

/* Begin PBXVariantGroup section */
		6C1F45871BC664EB006E548B /* Main.storyboard */ = {
			isa = PBXVariantGroup;
			children = (
				6C1F45881BC664EB006E548B /* Base */,
			);
			name = Main.storyboard;
			sourceTree = "<group>";
		};
		6C1F458C1BC664EB006E548B /* LaunchScreen.storyboard */ = {
			isa = PBXVariantGroup;
			children = (
				6C1F458D1BC664EB006E548B /* Base */,
			);
			name = LaunchScreen.storyboard;
			sourceTree = "<group>";
		};
/* End PBXVariantGroup section */

/* Begin XCBuildConfiguration section */
		6C1F45901BC664EB006E548B /* Debug */ = {
			isa = XCBuildConfiguration;
			buildSettings = {
				ALWAYS_SEARCH_USER_PATHS = NO;
				CLANG_CXX_LANGUAGE_STANDARD = "gnu++0x";
				CLANG_CXX_LIBRARY = "libc++";
				CLANG_ENABLE_MODULES = YES;
				CLANG_ENABLE_OBJC_ARC = YES;
				CLANG_WARN_BOOL_CONVERSION = YES;
				CLANG_WARN_CONSTANT_CONVERSION = YES;
				CLANG_WARN_DIRECT_OBJC_ISA_USAGE = YES_ERROR;
				CLANG_WARN_EMPTY_BODY = YES;
				CLANG_WARN_ENUM_CONVERSION = YES;
				CLANG_WARN_INT_CONVERSION = YES;
				CLANG_WARN_OBJC_ROOT_CLASS = YES_ERROR;
				CLANG_WARN_UNREACHABLE_CODE = YES;
				CLANG_WARN__DUPLICATE_METHOD_MATCH = YES;
				"CODE_SIGN_IDENTITY[sdk=iphoneos*]" = "iPhone Developer";
				COPY_PHASE_STRIP = NO;
				DEBUG_INFORMATION_FORMAT = dwarf;
				ENABLE_STRICT_OBJC_MSGSEND = YES;
				ENABLE_TESTABILITY = YES;
				GCC_C_LANGUAGE_STANDARD = gnu99;
				GCC_DYNAMIC_NO_PIC = NO;
				GCC_NO_COMMON_BLOCKS = YES;
				GCC_OPTIMIZATION_LEVEL = 0;
				GCC_PREPROCESSOR_DEFINITIONS = (
					"DEBUG=1",
					"$(inherited)",
				);
				GCC_WARN_64_TO_32_BIT_CONVERSION = YES;
				GCC_WARN_ABOUT_RETURN_TYPE = YES_ERROR;
				GCC_WARN_UNDECLARED_SELECTOR = YES;
				GCC_WARN_UNINITIALIZED_AUTOS = YES_AGGRESSIVE;
				GCC_WARN_UNUSED_FUNCTION = YES;
				GCC_WARN_UNUSED_VARIABLE = YES;
				IPHONEOS_DEPLOYMENT_TARGET = 9.0;
				MTL_ENABLE_DEBUG_INFO = YES;
				ONLY_ACTIVE_ARCH = YES;
				SDKROOT = iphoneos;
				TARGETED_DEVICE_FAMILY = "1,2";
			};
			name = Debug;
		};
		6C1F45911BC664EB006E548B /* Release */ = {
			isa = XCBuildConfiguration;
			buildSettings = {
				ALWAYS_SEARCH_USER_PATHS = NO;
				CLANG_CXX_LANGUAGE_STANDARD = "gnu++0x";
				CLANG_CXX_LIBRARY = "libc++";
				CLANG_ENABLE_MODULES = YES;
				CLANG_ENABLE_OBJC_ARC = YES;
				CLANG_WARN_BOOL_CONVERSION = YES;
				CLANG_WARN_CONSTANT_CONVERSION = YES;
				CLANG_WARN_DIRECT_OBJC_ISA_USAGE = YES_ERROR;
				CLANG_WARN_EMPTY_BODY = YES;
				CLANG_WARN_ENUM_CONVERSION = YES;
				CLANG_WARN_INT_CONVERSION = YES;
				CLANG_WARN_OBJC_ROOT_CLASS = YES_ERROR;
				CLANG_WARN_UNREACHABLE_CODE = YES;
				CLANG_WARN__DUPLICATE_METHOD_MATCH = YES;
				"CODE_SIGN_IDENTITY[sdk=iphoneos*]" = "iPhone Developer";
				COPY_PHASE_STRIP = NO;
				DEBUG_INFORMATION_FORMAT = "dwarf-with-dsym";
				ENABLE_NS_ASSERTIONS = NO;
				ENABLE_STRICT_OBJC_MSGSEND = YES;
				GCC_C_LANGUAGE_STANDARD = gnu99;
				GCC_NO_COMMON_BLOCKS = YES;
				GCC_WARN_64_TO_32_BIT_CONVERSION = YES;
				GCC_WARN_ABOUT_RETURN_TYPE = YES_ERROR;
				GCC_WARN_UNDECLARED_SELECTOR = YES;
				GCC_WARN_UNINITIALIZED_AUTOS = YES_AGGRESSIVE;
				GCC_WARN_UNUSED_FUNCTION = YES;
				GCC_WARN_UNUSED_VARIABLE = YES;
				IPHONEOS_DEPLOYMENT_TARGET = 9.0;
				MTL_ENABLE_DEBUG_INFO = NO;
				SDKROOT = iphoneos;
				TARGETED_DEVICE_FAMILY = "1,2";
				VALIDATE_PRODUCT = YES;
			};
			name = Release;
		};
		6C1F45931BC664EB006E548B /* Debug */ = {
			isa = XCBuildConfiguration;
			buildSettings = {
				ASSETCATALOG_COMPILER_APPICON_NAME = AppIcon;
				INFOPLIST_FILE = YaTranslate/Info.plist;
				LD_RUNPATH_SEARCH_PATHS = "$(inherited) @executable_path/Frameworks";
				PRODUCT_BUNDLE_IDENTIFIER = nikita.makarov.YaTranslate;
				PRODUCT_NAME = "$(TARGET_NAME)";
			};
			name = Debug;
		};
		6C1F45941BC664EB006E548B /* Release */ = {
			isa = XCBuildConfiguration;
			buildSettings = {
				ASSETCATALOG_COMPILER_APPICON_NAME = AppIcon;
				INFOPLIST_FILE = YaTranslate/Info.plist;
				LD_RUNPATH_SEARCH_PATHS = "$(inherited) @executable_path/Frameworks";
				PRODUCT_BUNDLE_IDENTIFIER = nikita.makarov.YaTranslate;
				PRODUCT_NAME = "$(TARGET_NAME)";
			};
			name = Release;
		};
/* End XCBuildConfiguration section */

/* Begin XCConfigurationList section */
		6C1F45761BC664EB006E548B /* Build configuration list for PBXProject "YaTranslate" */ = {
			isa = XCConfigurationList;
			buildConfigurations = (
				6C1F45901BC664EB006E548B /* Debug */,
				6C1F45911BC664EB006E548B /* Release */,
			);
			defaultConfigurationIsVisible = 0;
			defaultConfigurationName = Release;
		};
		6C1F45921BC664EB006E548B /* Build configuration list for PBXNativeTarget "YaTranslate" */ = {
			isa = XCConfigurationList;
			buildConfigurations = (
				6C1F45931BC664EB006E548B /* Debug */,
				6C1F45941BC664EB006E548B /* Release */,
			);
			defaultConfigurationIsVisible = 0;
		};
/* End XCConfigurationList section */
	};
	rootObject = 6C1F45731BC664EB006E548B /* Project object */;
}
